// !$*UTF8*$!
{
	archiveVersion = 1;
	classes = {
	};
	objectVersion = 50;
	objects = {

/* Begin PBXBuildFile section */
		6D73C2E024A6E4A200DD0CF4 /* AppDelegate.swift in Sources */ = {isa = PBXBuildFile; fileRef = 6D73C2DF24A6E4A200DD0CF4 /* AppDelegate.swift */; };
		6D73C2E224A6E4A200DD0CF4 /* SceneDelegate.swift in Sources */ = {isa = PBXBuildFile; fileRef = 6D73C2E124A6E4A200DD0CF4 /* SceneDelegate.swift */; };
		6D73C2E424A6E4A200DD0CF4 /* DetailsViewController.swift in Sources */ = {isa = PBXBuildFile; fileRef = 6D73C2E324A6E4A200DD0CF4 /* DetailsViewController.swift */; };
		6D73C2E724A6E4A200DD0CF4 /* Main.storyboard in Resources */ = {isa = PBXBuildFile; fileRef = 6D73C2E524A6E4A200DD0CF4 /* Main.storyboard */; };
		6D73C2E924A6E4A500DD0CF4 /* Assets.xcassets in Resources */ = {isa = PBXBuildFile; fileRef = 6D73C2E824A6E4A500DD0CF4 /* Assets.xcassets */; };
		6D73C2EC24A6E4A500DD0CF4 /* LaunchScreen.storyboard in Resources */ = {isa = PBXBuildFile; fileRef = 6D73C2EA24A6E4A500DD0CF4 /* LaunchScreen.storyboard */; };
		6D73C2F424A6E55D00DD0CF4 /* FriendsTableViewController.swift in Sources */ = {isa = PBXBuildFile; fileRef = 6D73C2F324A6E55D00DD0CF4 /* FriendsTableViewController.swift */; };
		6D73C2F624A6F0D200DD0CF4 /* Friend.swift in Sources */ = {isa = PBXBuildFile; fileRef = 6D73C2F524A6F0D200DD0CF4 /* Friend.swift */; };
		6D876BB524B961F400A34584 /* FriendTableViewCell.swift in Sources */ = {isa = PBXBuildFile; fileRef = 6D876BB424B961F400A34584 /* FriendTableViewCell.swift */; };
		6DCB33C124CBD836009C4184 /* EditFriendTableViewController.swift in Sources */ = {isa = PBXBuildFile; fileRef = 6DCB33C024CBD836009C4184 /* EditFriendTableViewController.swift */; };
/* End PBXBuildFile section */

/* Begin PBXFileReference section */
		6D73C2DC24A6E4A200DD0CF4 /* TableViewApp-FriendsList.app */ = {isa = PBXFileReference; explicitFileType = wrapper.application; includeInIndex = 0; path = "TableViewApp-FriendsList.app"; sourceTree = BUILT_PRODUCTS_DIR; };
		6D73C2DF24A6E4A200DD0CF4 /* AppDelegate.swift */ = {isa = PBXFileReference; lastKnownFileType = sourcecode.swift; path = AppDelegate.swift; sourceTree = "<group>"; };
		6D73C2E124A6E4A200DD0CF4 /* SceneDelegate.swift */ = {isa = PBXFileReference; lastKnownFileType = sourcecode.swift; path = SceneDelegate.swift; sourceTree = "<group>"; };
		6D73C2E324A6E4A200DD0CF4 /* DetailsViewController.swift */ = {isa = PBXFileReference; lastKnownFileType = sourcecode.swift; path = DetailsViewController.swift; sourceTree = "<group>"; };
		6D73C2E624A6E4A200DD0CF4 /* Base */ = {isa = PBXFileReference; lastKnownFileType = file.storyboard; name = Base; path = Base.lproj/Main.storyboard; sourceTree = "<group>"; };
		6D73C2E824A6E4A500DD0CF4 /* Assets.xcassets */ = {isa = PBXFileReference; lastKnownFileType = folder.assetcatalog; path = Assets.xcassets; sourceTree = "<group>"; };
		6D73C2EB24A6E4A500DD0CF4 /* Base */ = {isa = PBXFileReference; lastKnownFileType = file.storyboard; name = Base; path = Base.lproj/LaunchScreen.storyboard; sourceTree = "<group>"; };
		6D73C2ED24A6E4A500DD0CF4 /* Info.plist */ = {isa = PBXFileReference; lastKnownFileType = text.plist.xml; path = Info.plist; sourceTree = "<group>"; };
		6D73C2F324A6E55D00DD0CF4 /* FriendsTableViewController.swift */ = {isa = PBXFileReference; lastKnownFileType = sourcecode.swift; path = FriendsTableViewController.swift; sourceTree = "<group>"; };
		6D73C2F524A6F0D200DD0CF4 /* Friend.swift */ = {isa = PBXFileReference; lastKnownFileType = sourcecode.swift; path = Friend.swift; sourceTree = "<group>"; };
		6D876BB424B961F400A34584 /* FriendTableViewCell.swift */ = {isa = PBXFileReference; lastKnownFileType = sourcecode.swift; path = FriendTableViewCell.swift; sourceTree = "<group>"; };
		6DCB33C024CBD836009C4184 /* EditFriendTableViewController.swift */ = {isa = PBXFileReference; lastKnownFileType = sourcecode.swift; path = EditFriendTableViewController.swift; sourceTree = SOURCE_ROOT; };
/* End PBXFileReference section */

/* Begin PBXFrameworksBuildPhase section */
		6D73C2D924A6E4A200DD0CF4 /* Frameworks */ = {
			isa = PBXFrameworksBuildPhase;
			buildActionMask = 2147483647;
			files = (
			);
			runOnlyForDeploymentPostprocessing = 0;
		};
/* End PBXFrameworksBuildPhase section */

/* Begin PBXGroup section */
		6D73C2D324A6E4A200DD0CF4 = {
			isa = PBXGroup;
			children = (
				6D73C2DE24A6E4A200DD0CF4 /* TableViewApp-FriendsList */,
				6D73C2DD24A6E4A200DD0CF4 /* Products */,
			);
			sourceTree = "<group>";
		};
		6D73C2DD24A6E4A200DD0CF4 /* Products */ = {
			isa = PBXGroup;
			children = (
				6D73C2DC24A6E4A200DD0CF4 /* TableViewApp-FriendsList.app */,
			);
			name = Products;
			sourceTree = "<group>";
		};
		6D73C2DE24A6E4A200DD0CF4 /* TableViewApp-FriendsList */ = {
			isa = PBXGroup;
			children = (
				6DCB33C024CBD836009C4184 /* EditFriendTableViewController.swift */,
				6D876BB424B961F400A34584 /* FriendTableViewCell.swift */,
				6D73C2DF24A6E4A200DD0CF4 /* AppDelegate.swift */,
				6D73C2E124A6E4A200DD0CF4 /* SceneDelegate.swift */,
				6D73C2E324A6E4A200DD0CF4 /* DetailsViewController.swift */,
				6D73C2E524A6E4A200DD0CF4 /* Main.storyboard */,
				6D73C2F324A6E55D00DD0CF4 /* FriendsTableViewController.swift */,
				6D73C2F524A6F0D200DD0CF4 /* Friend.swift */,
				6D73C2E824A6E4A500DD0CF4 /* Assets.xcassets */,
				6D73C2EA24A6E4A500DD0CF4 /* LaunchScreen.storyboard */,
				6D73C2ED24A6E4A500DD0CF4 /* Info.plist */,
			);
			path = "TableViewApp-FriendsList";
			sourceTree = "<group>";
		};
/* End PBXGroup section */

/* Begin PBXNativeTarget section */
		6D73C2DB24A6E4A200DD0CF4 /* TableViewApp-FriendsList */ = {
			isa = PBXNativeTarget;
			buildConfigurationList = 6D73C2F024A6E4A500DD0CF4 /* Build configuration list for PBXNativeTarget "TableViewApp-FriendsList" */;
			buildPhases = (
				6D73C2D824A6E4A200DD0CF4 /* Sources */,
				6D73C2D924A6E4A200DD0CF4 /* Frameworks */,
				6D73C2DA24A6E4A200DD0CF4 /* Resources */,
			);
			buildRules = (
			);
			dependencies = (
			);
			name = "TableViewApp-FriendsList";
			productName = "TableViewApp-FriendsList";
			productReference = 6D73C2DC24A6E4A200DD0CF4 /* TableViewApp-FriendsList.app */;
			productType = "com.apple.product-type.application";
		};
/* End PBXNativeTarget section */

/* Begin PBXProject section */
		6D73C2D424A6E4A200DD0CF4 /* Project object */ = {
			isa = PBXProject;
			attributes = {
				LastSwiftUpdateCheck = 1150;
				LastUpgradeCheck = 1150;
				ORGANIZATIONNAME = NIL;
				TargetAttributes = {
					6D73C2DB24A6E4A200DD0CF4 = {
						CreatedOnToolsVersion = 11.5;
					};
				};
			};
			buildConfigurationList = 6D73C2D724A6E4A200DD0CF4 /* Build configuration list for PBXProject "TableViewApp-FriendsList" */;
			compatibilityVersion = "Xcode 9.3";
			developmentRegion = en;
			hasScannedForEncodings = 0;
			knownRegions = (
				en,
				Base,
			);
			mainGroup = 6D73C2D324A6E4A200DD0CF4;
			productRefGroup = 6D73C2DD24A6E4A200DD0CF4 /* Products */;
			projectDirPath = "";
			projectRoot = "";
			targets = (
				6D73C2DB24A6E4A200DD0CF4 /* TableViewApp-FriendsList */,
			);
		};
/* End PBXProject section */

/* Begin PBXResourcesBuildPhase section */
		6D73C2DA24A6E4A200DD0CF4 /* Resources */ = {
			isa = PBXResourcesBuildPhase;
			buildActionMask = 2147483647;
			files = (
				6D73C2EC24A6E4A500DD0CF4 /* LaunchScreen.storyboard in Resources */,
				6D73C2E924A6E4A500DD0CF4 /* Assets.xcassets in Resources */,
				6D73C2E724A6E4A200DD0CF4 /* Main.storyboard in Resources */,
			);
			runOnlyForDeploymentPostprocessing = 0;
		};
/* End PBXResourcesBuildPhase section */

/* Begin PBXSourcesBuildPhase section */
		6D73C2D824A6E4A200DD0CF4 /* Sources */ = {
			isa = PBXSourcesBuildPhase;
			buildActionMask = 2147483647;
			files = (
				6D73C2E424A6E4A200DD0CF4 /* DetailsViewController.swift in Sources */,
				6D73C2E024A6E4A200DD0CF4 /* AppDelegate.swift in Sources */,
				6D73C2F624A6F0D200DD0CF4 /* Friend.swift in Sources */,
				6D876BB524B961F400A34584 /* FriendTableViewCell.swift in Sources */,
				6D73C2F424A6E55D00DD0CF4 /* FriendsTableViewController.swift in Sources */,
				6D73C2E224A6E4A200DD0CF4 /* SceneDelegate.swift in Sources */,
				6DCB33C124CBD836009C4184 /* EditFriendTableViewController.swift in Sources */,
			);
			runOnlyForDeploymentPostprocessing = 0;
		};
/* End PBXSourcesBuildPhase section */

/* Begin PBXVariantGroup section */
		6D73C2E524A6E4A200DD0CF4 /* Main.storyboard */ = {
			isa = PBXVariantGroup;
			children = (
				6D73C2E624A6E4A200DD0CF4 /* Base */,
			);
			name = Main.storyboard;
			sourceTree = "<group>";
		};
		6D73C2EA24A6E4A500DD0CF4 /* LaunchScreen.storyboard */ = {
			isa = PBXVariantGroup;
			children = (
				6D73C2EB24A6E4A500DD0CF4 /* Base */,
			);
			name = LaunchScreen.storyboard;
			sourceTree = "<group>";
		};
/* End PBXVariantGroup section */

/* Begin XCBuildConfiguration section */
		6D73C2EE24A6E4A500DD0CF4 /* Debug */ = {
			isa = XCBuildConfiguration;
			buildSettings = {
				ALWAYS_SEARCH_USER_PATHS = NO;
				CLANG_ANALYZER_NONNULL = YES;
				CLANG_ANALYZER_NUMBER_OBJECT_CONVERSION = YES_AGGRESSIVE;
				CLANG_CXX_LANGUAGE_STANDARD = "gnu++14";
				CLANG_CXX_LIBRARY = "libc++";
				CLANG_ENABLE_MODULES = YES;
				CLANG_ENABLE_OBJC_ARC = YES;
				CLANG_ENABLE_OBJC_WEAK = YES;
				CLANG_WARN_BLOCK_CAPTURE_AUTORELEASING = YES;
				CLANG_WARN_BOOL_CONVERSION = YES;
				CLANG_WARN_COMMA = YES;
				CLANG_WARN_CONSTANT_CONVERSION = YES;
				CLANG_WARN_DEPRECATED_OBJC_IMPLEMENTATIONS = YES;
				CLANG_WARN_DIRECT_OBJC_ISA_USAGE = YES_ERROR;
				CLANG_WARN_DOCUMENTATION_COMMENTS = YES;
				CLANG_WARN_EMPTY_BODY = YES;
				CLANG_WARN_ENUM_CONVERSION = YES;
				CLANG_WARN_INFINITE_RECURSION = YES;
				CLANG_WARN_INT_CONVERSION = YES;
				CLANG_WARN_NON_LITERAL_NULL_CONVERSION = YES;
				CLANG_WARN_OBJC_IMPLICIT_RETAIN_SELF = YES;
				CLANG_WARN_OBJC_LITERAL_CONVERSION = YES;
				CLANG_WARN_OBJC_ROOT_CLASS = YES_ERROR;
				CLANG_WARN_RANGE_LOOP_ANALYSIS = YES;
				CLANG_WARN_STRICT_PROTOTYPES = YES;
				CLANG_WARN_SUSPICIOUS_MOVE = YES;
				CLANG_WARN_UNGUARDED_AVAILABILITY = YES_AGGRESSIVE;
				CLANG_WARN_UNREACHABLE_CODE = YES;
				CLANG_WARN__DUPLICATE_METHOD_MATCH = YES;
				COPY_PHASE_STRIP = NO;
				DEBUG_INFORMATION_FORMAT = dwarf;
				ENABLE_STRICT_OBJC_MSGSEND = YES;
				ENABLE_TESTABILITY = YES;
				GCC_C_LANGUAGE_STANDARD = gnu11;
				GCC_DYNAMIC_NO_PIC = NO;
				GCC_NO_COMMON_BLOCKS = YES;
				GCC_OPTIMIZATION_LEVEL = 0;
				GCC_PREPROCESSOR_DEFINITIONS = (
					"DEBUG=1",
					"$(inherited)",
				);
				GCC_WARN_64_TO_32_BIT_CONVERSION = YES;
				GCC_WARN_ABOUT_RETURN_TYPE = YES_ERROR;
				GCC_WARN_UNDECLARED_SELECTOR = YES;
				GCC_WARN_UNINITIALIZED_AUTOS = YES_AGGRESSIVE;
				GCC_WARN_UNUSED_FUNCTION = YES;
				GCC_WARN_UNUSED_VARIABLE = YES;
				IPHONEOS_DEPLOYMENT_TARGET = 13.5;
				MTL_ENABLE_DEBUG_INFO = INCLUDE_SOURCE;
				MTL_FAST_MATH = YES;
				ONLY_ACTIVE_ARCH = YES;
				SDKROOT = iphoneos;
				SWIFT_ACTIVE_COMPILATION_CONDITIONS = DEBUG;
				SWIFT_OPTIMIZATION_LEVEL = "-Onone";
			};
			name = Debug;
		};
		6D73C2EF24A6E4A500DD0CF4 /* Release */ = {
			isa = XCBuildConfiguration;
			buildSettings = {
				ALWAYS_SEARCH_USER_PATHS = NO;
				CLANG_ANALYZER_NONNULL = YES;
				CLANG_ANALYZER_NUMBER_OBJECT_CONVERSION = YES_AGGRESSIVE;
				CLANG_CXX_LANGUAGE_STANDARD = "gnu++14";
				CLANG_CXX_LIBRARY = "libc++";
				CLANG_ENABLE_MODULES = YES;
				CLANG_ENABLE_OBJC_ARC = YES;
				CLANG_ENABLE_OBJC_WEAK = YES;
				CLANG_WARN_BLOCK_CAPTURE_AUTORELEASING = YES;
				CLANG_WARN_BOOL_CONVERSION = YES;
				CLANG_WARN_COMMA = YES;
				CLANG_WARN_CONSTANT_CONVERSION = YES;
				CLANG_WARN_DEPRECATED_OBJC_IMPLEMENTATIONS = YES;
				CLANG_WARN_DIRECT_OBJC_ISA_USAGE = YES_ERROR;
				CLANG_WARN_DOCUMENTATION_COMMENTS = YES;
				CLANG_WARN_EMPTY_BODY = YES;
				CLANG_WARN_ENUM_CONVERSION = YES;
				CLANG_WARN_INFINITE_RECURSION = YES;
				CLANG_WARN_INT_CONVERSION = YES;
				CLANG_WARN_NON_LITERAL_NULL_CONVERSION = YES;
				CLANG_WARN_OBJC_IMPLICIT_RETAIN_SELF = YES;
				CLANG_WARN_OBJC_LITERAL_CONVERSION = YES;
				CLANG_WARN_OBJC_ROOT_CLASS = YES_ERROR;
				CLANG_WARN_RANGE_LOOP_ANALYSIS = YES;
				CLANG_WARN_STRICT_PROTOTYPES = YES;
				CLANG_WARN_SUSPICIOUS_MOVE = YES;
				CLANG_WARN_UNGUARDED_AVAILABILITY = YES_AGGRESSIVE;
				CLANG_WARN_UNREACHABLE_CODE = YES;
				CLANG_WARN__DUPLICATE_METHOD_MATCH = YES;
				COPY_PHASE_STRIP = NO;
				DEBUG_INFORMATION_FORMAT = "dwarf-with-dsym";
				ENABLE_NS_ASSERTIONS = NO;
				ENABLE_STRICT_OBJC_MSGSEND = YES;
				GCC_C_LANGUAGE_STANDARD = gnu11;
				GCC_NO_COMMON_BLOCKS = YES;
				GCC_WARN_64_TO_32_BIT_CONVERSION = YES;
				GCC_WARN_ABOUT_RETURN_TYPE = YES_ERROR;
				GCC_WARN_UNDECLARED_SELECTOR = YES;
				GCC_WARN_UNINITIALIZED_AUTOS = YES_AGGRESSIVE;
				GCC_WARN_UNUSED_FUNCTION = YES;
				GCC_WARN_UNUSED_VARIABLE = YES;
				IPHONEOS_DEPLOYMENT_TARGET = 13.5;
				MTL_ENABLE_DEBUG_INFO = NO;
				MTL_FAST_MATH = YES;
				SDKROOT = iphoneos;
				SWIFT_COMPILATION_MODE = wholemodule;
				SWIFT_OPTIMIZATION_LEVEL = "-O";
				VALIDATE_PRODUCT = YES;
			};
			name = Release;
		};
		6D73C2F124A6E4A500DD0CF4 /* Debug */ = {
			isa = XCBuildConfiguration;
			buildSettings = {
				ASSETCATALOG_COMPILER_APPICON_NAME = AppIcon;
				CODE_SIGN_STYLE = Automatic;
				INFOPLIST_FILE = "TableViewApp-FriendsList/Info.plist";
				LD_RUNPATH_SEARCH_PATHS = (
					"$(inherited)",
					"@executable_path/Frameworks",
				);
				PRODUCT_BUNDLE_IDENTIFIER = "NIL.TableViewApp-FriendsList";
				PRODUCT_NAME = "$(TARGET_NAME)";
				SWIFT_VERSION = 5.0;
				TARGETED_DEVICE_FAMILY = "1,2";
			};
			name = Debug;
		};
		6D73C2F224A6E4A500DD0CF4 /* Release */ = {
			isa = XCBuildConfiguration;
			buildSettings = {
				ASSETCATALOG_COMPILER_APPICON_NAME = AppIcon;
				CODE_SIGN_STYLE = Automatic;
				INFOPLIST_FILE = "TableViewApp-FriendsList/Info.plist";
				LD_RUNPATH_SEARCH_PATHS = (
					"$(inherited)",
					"@executable_path/Frameworks",
				);
				PRODUCT_BUNDLE_IDENTIFIER = "NIL.TableViewApp-FriendsList";
				PRODUCT_NAME = "$(TARGET_NAME)";
				SWIFT_VERSION = 5.0;
				TARGETED_DEVICE_FAMILY = "1,2";
			};
			name = Release;
		};
/* End XCBuildConfiguration section */

/* Begin XCConfigurationList section */
		6D73C2D724A6E4A200DD0CF4 /* Build configuration list for PBXProject "TableViewApp-FriendsList" */ = {
			isa = XCConfigurationList;
			buildConfigurations = (
				6D73C2EE24A6E4A500DD0CF4 /* Debug */,
				6D73C2EF24A6E4A500DD0CF4 /* Release */,
			);
			defaultConfigurationIsVisible = 0;
			defaultConfigurationName = Release;
		};
		6D73C2F024A6E4A500DD0CF4 /* Build configuration list for PBXNativeTarget "TableViewApp-FriendsList" */ = {
			isa = XCConfigurationList;
			buildConfigurations = (
				6D73C2F124A6E4A500DD0CF4 /* Debug */,
				6D73C2F224A6E4A500DD0CF4 /* Release */,
			);
			defaultConfigurationIsVisible = 0;
			defaultConfigurationName = Release;
		};
/* End XCConfigurationList section */
	};
	rootObject = 6D73C2D424A6E4A200DD0CF4 /* Project object */;
}
